
Microsoft Visual Studio Solution File, Format Version 12.00
# Visual Studio 15
VisualStudioVersion = 15.0.28307.102
MinimumVisualStudioVersion = 10.0.40219.1
Project("{8BC9CEB8-8B4A-11D0-8D11-00A0C91BC942}") = "Project4", "Project4\Project4.vcxproj", "{1CC1EF2C-AE5E-4A9F-BBB9-C9D1B9455BAB}"
EndProject
Global
	GlobalSection(SolutionConfigurationPlatforms) = preSolution
		Debug|x64 = Debug|x64
		Debug|x86 = Debug|x86
		Release|x64 = Release|x64
		Release|x86 = Release|x86
	EndGlobalSection
	GlobalSection(ProjectConfigurationPlatforms) = postSolution
		{1CC1EF2C-AE5E-4A9F-BBB9-C9D1B9455BAB}.Debug|x64.ActiveCfg = Debug|x64
		{1CC1EF2C-AE5E-4A9F-BBB9-C9D1B9455BAB}.Debug|x64.Build.0 = Debug|x64
		{1CC1EF2C-AE5E-4A9F-BBB9-C9D1B9455BAB}.Debug|x86.ActiveCfg = Debug|Win32
		{1CC1EF2C-AE5E-4A9F-BBB9-C9D1B9455BAB}.Debug|x86.Build.0 = Debug|Win32
		{1CC1EF2C-AE5E-4A9F-BBB9-C9D1B9455BAB}.Release|x64.ActiveCfg = Release|x64
		{1CC1EF2C-AE5E-4A9F-BBB9-C9D1B9455BAB}.Release|x64.Build.0 = Release|x64
		{1CC1EF2C-AE5E-4A9F-BBB9-C9D1B9455BAB}.Release|x86.ActiveCfg = Release|Win32
		{1CC1EF2C-AE5E-4A9F-BBB9-C9D1B9455BAB}.Release|x86.Build.0 = Release|Win32
	EndGlobalSection
	GlobalSection(SolutionProperties) = preSolution
		HideSolutionNode = FALSE
	EndGlobalSection
	GlobalSection(ExtensibilityGlobals) = postSolution
		SolutionGuid = {C7D695D7-1DF5-4BE7-8099-BE7792556743}
	EndGlobalSection
EndGlobal
